// !$*UTF8*$!
{
	archiveVersion = 1;
	classes = {
	};
	objectVersion = 54;
	objects = {

/* Begin PBXBuildFile section */
		32F926B22BB23EB70011B747 /* AppDelegate.swift in Sources */ = {isa = PBXBuildFile; fileRef = 32F926B12BB23EB70011B747 /* AppDelegate.swift */; };
		32F926B42BB23EB70011B747 /* SceneDelegate.swift in Sources */ = {isa = PBXBuildFile; fileRef = 32F926B32BB23EB70011B747 /* SceneDelegate.swift */; };
		32F926B62BB23EB70011B747 /* ViewController.swift in Sources */ = {isa = PBXBuildFile; fileRef = 32F926B52BB23EB70011B747 /* ViewController.swift */; };
		32F926B92BB23EB70011B747 /* Main.storyboard in Resources */ = {isa = PBXBuildFile; fileRef = 32F926B72BB23EB70011B747 /* Main.storyboard */; };
		32F926BB2BB23ED70011B747 /* Assets.xcassets in Resources */ = {isa = PBXBuildFile; fileRef = 32F926BA2BB23ED70011B747 /* Assets.xcassets */; };
		32F926BE2BB23ED70011B747 /* LaunchScreen.storyboard in Resources */ = {isa = PBXBuildFile; fileRef = 32F926BC2BB23ED70011B747 /* LaunchScreen.storyboard */; };
		32F926C92BB23ED80011B747 /* integradorTests.swift in Sources */ = {isa = PBXBuildFile; fileRef = 32F926C82BB23ED80011B747 /* integradorTests.swift */; };
		32F926D32BB23ED80011B747 /* integradorUITests.swift in Sources */ = {isa = PBXBuildFile; fileRef = 32F926D22BB23ED80011B747 /* integradorUITests.swift */; };
		32F926D52BB23ED80011B747 /* integradorUITestsLaunchTests.swift in Sources */ = {isa = PBXBuildFile; fileRef = 32F926D42BB23ED80011B747 /* integradorUITestsLaunchTests.swift */; };
/* End PBXBuildFile section */

/* Begin PBXContainerItemProxy section */
		32F926C52BB23ED80011B747 /* PBXContainerItemProxy */ = {
			isa = PBXContainerItemProxy;
			containerPortal = 32F926A62BB23EB60011B747 /* Project object */;
			proxyType = 1;
			remoteGlobalIDString = 32F926AD2BB23EB70011B747;
			remoteInfo = integrador;
		};
		32F926CF2BB23ED80011B747 /* PBXContainerItemProxy */ = {
			isa = PBXContainerItemProxy;
			containerPortal = 32F926A62BB23EB60011B747 /* Project object */;
			proxyType = 1;
			remoteGlobalIDString = 32F926AD2BB23EB70011B747;
			remoteInfo = integrador;
		};
/* End PBXContainerItemProxy section */

/* Begin PBXFileReference section */
		32F926AE2BB23EB70011B747 /* integrador.app */ = {isa = PBXFileReference; explicitFileType = wrapper.application; includeInIndex = 0; path = integrador.app; sourceTree = BUILT_PRODUCTS_DIR; };
		32F926B12BB23EB70011B747 /* AppDelegate.swift */ = {isa = PBXFileReference; lastKnownFileType = sourcecode.swift; path = AppDelegate.swift; sourceTree = "<group>"; };
		32F926B32BB23EB70011B747 /* SceneDelegate.swift */ = {isa = PBXFileReference; lastKnownFileType = sourcecode.swift; path = SceneDelegate.swift; sourceTree = "<group>"; };
		32F926B52BB23EB70011B747 /* ViewController.swift */ = {isa = PBXFileReference; lastKnownFileType = sourcecode.swift; path = ViewController.swift; sourceTree = "<group>"; };
		32F926B82BB23EB70011B747 /* Base */ = {isa = PBXFileReference; lastKnownFileType = file.storyboard; name = Base; path = Base.lproj/Main.storyboard; sourceTree = "<group>"; };
		32F926BA2BB23ED70011B747 /* Assets.xcassets */ = {isa = PBXFileReference; lastKnownFileType = folder.assetcatalog; path = Assets.xcassets; sourceTree = "<group>"; };
		32F926BD2BB23ED70011B747 /* Base */ = {isa = PBXFileReference; lastKnownFileType = file.storyboard; name = Base; path = Base.lproj/LaunchScreen.storyboard; sourceTree = "<group>"; };
		32F926BF2BB23ED70011B747 /* Info.plist */ = {isa = PBXFileReference; lastKnownFileType = text.plist.xml; path = Info.plist; sourceTree = "<group>"; };
		32F926C42BB23ED80011B747 /* integradorTests.xctest */ = {isa = PBXFileReference; explicitFileType = wrapper.cfbundle; includeInIndex = 0; path = integradorTests.xctest; sourceTree = BUILT_PRODUCTS_DIR; };
		32F926C82BB23ED80011B747 /* integradorTests.swift */ = {isa = PBXFileReference; lastKnownFileType = sourcecode.swift; path = integradorTests.swift; sourceTree = "<group>"; };
		32F926CE2BB23ED80011B747 /* integradorUITests.xctest */ = {isa = PBXFileReference; explicitFileType = wrapper.cfbundle; includeInIndex = 0; path = integradorUITests.xctest; sourceTree = BUILT_PRODUCTS_DIR; };
		32F926D22BB23ED80011B747 /* integradorUITests.swift */ = {isa = PBXFileReference; lastKnownFileType = sourcecode.swift; path = integradorUITests.swift; sourceTree = "<group>"; };
		32F926D42BB23ED80011B747 /* integradorUITestsLaunchTests.swift */ = {isa = PBXFileReference; lastKnownFileType = sourcecode.swift; path = integradorUITestsLaunchTests.swift; sourceTree = "<group>"; };
/* End PBXFileReference section */

/* Begin PBXFrameworksBuildPhase section */
		32F926AB2BB23EB70011B747 /* Frameworks */ = {
			isa = PBXFrameworksBuildPhase;
			buildActionMask = 2147483647;
			files = (
			);
			runOnlyForDeploymentPostprocessing = 0;
		};
		32F926C12BB23ED80011B747 /* Frameworks */ = {
			isa = PBXFrameworksBuildPhase;
			buildActionMask = 2147483647;
			files = (
			);
			runOnlyForDeploymentPostprocessing = 0;
		};
		32F926CB2BB23ED80011B747 /* Frameworks */ = {
			isa = PBXFrameworksBuildPhase;
			buildActionMask = 2147483647;
			files = (
			);
			runOnlyForDeploymentPostprocessing = 0;
		};
/* End PBXFrameworksBuildPhase section */

/* Begin PBXGroup section */
		32F926A52BB23EB60011B747 = {
			isa = PBXGroup;
			children = (
				32F926B02BB23EB70011B747 /* integrador */,
				32F926C72BB23ED80011B747 /* integradorTests */,
				32F926D12BB23ED80011B747 /* integradorUITests */,
				32F926AF2BB23EB70011B747 /* Products */,
			);
			sourceTree = "<group>";
		};
		32F926AF2BB23EB70011B747 /* Products */ = {
			isa = PBXGroup;
			children = (
				32F926AE2BB23EB70011B747 /* integrador.app */,
				32F926C42BB23ED80011B747 /* integradorTests.xctest */,
				32F926CE2BB23ED80011B747 /* integradorUITests.xctest */,
			);
			name = Products;
			sourceTree = "<group>";
		};
		32F926B02BB23EB70011B747 /* integrador */ = {
			isa = PBXGroup;
			children = (
				32F926B12BB23EB70011B747 /* AppDelegate.swift */,
				32F926B32BB23EB70011B747 /* SceneDelegate.swift */,
				32F926B52BB23EB70011B747 /* ViewController.swift */,
				32F926B72BB23EB70011B747 /* Main.storyboard */,
				32F926BA2BB23ED70011B747 /* Assets.xcassets */,
				32F926BC2BB23ED70011B747 /* LaunchScreen.storyboard */,
				32F926BF2BB23ED70011B747 /* Info.plist */,
			);
			path = integrador;
			sourceTree = "<group>";
		};
		32F926C72BB23ED80011B747 /* integradorTests */ = {
			isa = PBXGroup;
			children = (
				32F926C82BB23ED80011B747 /* integradorTests.swift */,
			);
			path = integradorTests;
			sourceTree = "<group>";
		};
		32F926D12BB23ED80011B747 /* integradorUITests */ = {
			isa = PBXGroup;
			children = (
				32F926D22BB23ED80011B747 /* integradorUITests.swift */,
				32F926D42BB23ED80011B747 /* integradorUITestsLaunchTests.swift */,
			);
			path = integradorUITests;
			sourceTree = "<group>";
		};
/* End PBXGroup section */

/* Begin PBXNativeTarget section */
		32F926AD2BB23EB70011B747 /* integrador */ = {
			isa = PBXNativeTarget;
			buildConfigurationList = 32F926D82BB23ED80011B747 /* Build configuration list for PBXNativeTarget "integrador" */;
			buildPhases = (
				32F926AA2BB23EB70011B747 /* Sources */,
				32F926AB2BB23EB70011B747 /* Frameworks */,
				32F926AC2BB23EB70011B747 /* Resources */,
			);
			buildRules = (
			);
			dependencies = (
			);
			name = integrador;
			productName = integrador;
			productReference = 32F926AE2BB23EB70011B747 /* integrador.app */;
			productType = "com.apple.product-type.application";
		};
		32F926C32BB23ED80011B747 /* integradorTests */ = {
			isa = PBXNativeTarget;
			buildConfigurationList = 32F926DB2BB23ED80011B747 /* Build configuration list for PBXNativeTarget "integradorTests" */;
			buildPhases = (
				32F926C02BB23ED80011B747 /* Sources */,
				32F926C12BB23ED80011B747 /* Frameworks */,
				32F926C22BB23ED80011B747 /* Resources */,
			);
			buildRules = (
			);
			dependencies = (
				32F926C62BB23ED80011B747 /* PBXTargetDependency */,
			);
			name = integradorTests;
			productName = integradorTests;
			productReference = 32F926C42BB23ED80011B747 /* integradorTests.xctest */;
			productType = "com.apple.product-type.bundle.unit-test";
		};
		32F926CD2BB23ED80011B747 /* integradorUITests */ = {
			isa = PBXNativeTarget;
			buildConfigurationList = 32F926DE2BB23ED80011B747 /* Build configuration list for PBXNativeTarget "integradorUITests" */;
			buildPhases = (
				32F926CA2BB23ED80011B747 /* Sources */,
				32F926CB2BB23ED80011B747 /* Frameworks */,
				32F926CC2BB23ED80011B747 /* Resources */,
			);
			buildRules = (
			);
			dependencies = (
				32F926D02BB23ED80011B747 /* PBXTargetDependency */,
			);
			name = integradorUITests;
			productName = integradorUITests;
			productReference = 32F926CE2BB23ED80011B747 /* integradorUITests.xctest */;
			productType = "com.apple.product-type.bundle.ui-testing";
		};
/* End PBXNativeTarget section */

/* Begin PBXProject section */
		32F926A62BB23EB60011B747 /* Project object */ = {
			isa = PBXProject;
			attributes = {
				BuildIndependentTargetsInParallel = 1;
				LastSwiftUpdateCheck = 1420;
				LastUpgradeCheck = 1420;
				TargetAttributes = {
					32F926AD2BB23EB70011B747 = {
						CreatedOnToolsVersion = 14.2;
					};
					32F926C32BB23ED80011B747 = {
						CreatedOnToolsVersion = 14.2;
						TestTargetID = 32F926AD2BB23EB70011B747;
					};
					32F926CD2BB23ED80011B747 = {
						CreatedOnToolsVersion = 14.2;
						TestTargetID = 32F926AD2BB23EB70011B747;
					};
				};
			};
			buildConfigurationList = 32F926A92BB23EB60011B747 /* Build configuration list for PBXProject "integrador" */;
			compatibilityVersion = "Xcode 12.0";
			developmentRegion = en;
			hasScannedForEncodings = 0;
			knownRegions = (
				en,
				Base,
			);
			mainGroup = 32F926A52BB23EB60011B747;
			productRefGroup = 32F926AF2BB23EB70011B747 /* Products */;
			projectDirPath = "";
			projectRoot = "";
			targets = (
				32F926AD2BB23EB70011B747 /* integrador */,
				32F926C32BB23ED80011B747 /* integradorTests */,
				32F926CD2BB23ED80011B747 /* integradorUITests */,
			);
		};
/* End PBXProject section */

/* Begin PBXResourcesBuildPhase section */
		32F926AC2BB23EB70011B747 /* Resources */ = {
			isa = PBXResourcesBuildPhase;
			buildActionMask = 2147483647;
			files = (
				32F926BE2BB23ED70011B747 /* LaunchScreen.storyboard in Resources */,
				32F926BB2BB23ED70011B747 /* Assets.xcassets in Resources */,
				32F926B92BB23EB70011B747 /* Main.storyboard in Resources */,
			);
			runOnlyForDeploymentPostprocessing = 0;
		};
		32F926C22BB23ED80011B747 /* Resources */ = {
			isa = PBXResourcesBuildPhase;
			buildActionMask = 2147483647;
			files = (
			);
			runOnlyForDeploymentPostprocessing = 0;
		};
		32F926CC2BB23ED80011B747 /* Resources */ = {
			isa = PBXResourcesBuildPhase;
			buildActionMask = 2147483647;
			files = (
			);
			runOnlyForDeploymentPostprocessing = 0;
		};
/* End PBXResourcesBuildPhase section */

/* Begin PBXSourcesBuildPhase section */
		32F926AA2BB23EB70011B747 /* Sources */ = {
			isa = PBXSourcesBuildPhase;
			buildActionMask = 2147483647;
			files = (
				32F926B62BB23EB70011B747 /* ViewController.swift in Sources */,
				32F926B22BB23EB70011B747 /* AppDelegate.swift in Sources */,
				32F926B42BB23EB70011B747 /* SceneDelegate.swift in Sources */,
			);
			runOnlyForDeploymentPostprocessing = 0;
		};
		32F926C02BB23ED80011B747 /* Sources */ = {
			isa = PBXSourcesBuildPhase;
			buildActionMask = 2147483647;
			files = (
				32F926C92BB23ED80011B747 /* integradorTests.swift in Sources */,
			);
			runOnlyForDeploymentPostprocessing = 0;
		};
		32F926CA2BB23ED80011B747 /* Sources */ = {
			isa = PBXSourcesBuildPhase;
			buildActionMask = 2147483647;
			files = (
				32F926D32BB23ED80011B747 /* integradorUITests.swift in Sources */,
				32F926D52BB23ED80011B747 /* integradorUITestsLaunchTests.swift in Sources */,
			);
			runOnlyForDeploymentPostprocessing = 0;
		};
/* End PBXSourcesBuildPhase section */

/* Begin PBXTargetDependency section */
		32F926C62BB23ED80011B747 /* PBXTargetDependency */ = {
			isa = PBXTargetDependency;
			target = 32F926AD2BB23EB70011B747 /* integrador */;
			targetProxy = 32F926C52BB23ED80011B747 /* PBXContainerItemProxy */;
		};
		32F926D02BB23ED80011B747 /* PBXTargetDependency */ = {
			isa = PBXTargetDependency;
			target = 32F926AD2BB23EB70011B747 /* integrador */;
			targetProxy = 32F926CF2BB23ED80011B747 /* PBXContainerItemProxy */;
		};
/* End PBXTargetDependency section */

/* Begin PBXVariantGroup section */
		32F926B72BB23EB70011B747 /* Main.storyboard */ = {
			isa = PBXVariantGroup;
			children = (
				32F926B82BB23EB70011B747 /* Base */,
			);
			name = Main.storyboard;
			sourceTree = "<group>";
		};
		32F926BC2BB23ED70011B747 /* LaunchScreen.storyboard */ = {
			isa = PBXVariantGroup;
			children = (
				32F926BD2BB23ED70011B747 /* Base */,
			);
			name = LaunchScreen.storyboard;
			sourceTree = "<group>";
		};
/* End PBXVariantGroup section */

/* Begin XCBuildConfiguration section */
		32F926D62BB23ED80011B747 /* Debug */ = {
			isa = XCBuildConfiguration;
			buildSettings = {
				ALWAYS_SEARCH_USER_PATHS = NO;
				CLANG_ANALYZER_NONNULL = YES;
				CLANG_ANALYZER_NUMBER_OBJECT_CONVERSION = YES_AGGRESSIVE;
				CLANG_CXX_LANGUAGE_STANDARD = "gnu++20";
				CLANG_ENABLE_MODULES = YES;
				CLANG_ENABLE_OBJC_ARC = YES;
				CLANG_ENABLE_OBJC_WEAK = YES;
				CLANG_WARN_BLOCK_CAPTURE_AUTORELEASING = YES;
				CLANG_WARN_BOOL_CONVERSION = YES;
				CLANG_WARN_COMMA = YES;
				CLANG_WARN_CONSTANT_CONVERSION = YES;
				CLANG_WARN_DEPRECATED_OBJC_IMPLEMENTATIONS = YES;
				CLANG_WARN_DIRECT_OBJC_ISA_USAGE = YES_ERROR;
				CLANG_WARN_DOCUMENTATION_COMMENTS = YES;
				CLANG_WARN_EMPTY_BODY = YES;
				CLANG_WARN_ENUM_CONVERSION = YES;
				CLANG_WARN_INFINITE_RECURSION = YES;
				CLANG_WARN_INT_CONVERSION = YES;
				CLANG_WARN_NON_LITERAL_NULL_CONVERSION = YES;
				CLANG_WARN_OBJC_IMPLICIT_RETAIN_SELF = YES;
				CLANG_WARN_OBJC_LITERAL_CONVERSION = YES;
				CLANG_WARN_OBJC_ROOT_CLASS = YES_ERROR;
				CLANG_WARN_QUOTED_INCLUDE_IN_FRAMEWORK_HEADER = YES;
				CLANG_WARN_RANGE_LOOP_ANALYSIS = YES;
				CLANG_WARN_STRICT_PROTOTYPES = YES;
				CLANG_WARN_SUSPICIOUS_MOVE = YES;
				CLANG_WARN_UNGUARDED_AVAILABILITY = YES_AGGRESSIVE;
				CLANG_WARN_UNREACHABLE_CODE = YES;
				CLANG_WARN__DUPLICATE_METHOD_MATCH = YES;
				COPY_PHASE_STRIP = NO;
				DEBUG_INFORMATION_FORMAT = dwarf;
				ENABLE_STRICT_OBJC_MSGSEND = YES;
				ENABLE_TESTABILITY = YES;
				GCC_C_LANGUAGE_STANDARD = gnu11;
				GCC_DYNAMIC_NO_PIC = NO;
				GCC_NO_COMMON_BLOCKS = YES;
				GCC_OPTIMIZATION_LEVEL = 0;
				GCC_PREPROCESSOR_DEFINITIONS = (
					"DEBUG=1",
					"$(inherited)",
				);
				GCC_WARN_64_TO_32_BIT_CONVERSION = YES;
				GCC_WARN_ABOUT_RETURN_TYPE = YES_ERROR;
				GCC_WARN_UNDECLARED_SELECTOR = YES;
				GCC_WARN_UNINITIALIZED_AUTOS = YES_AGGRESSIVE;
				GCC_WARN_UNUSED_FUNCTION = YES;
				GCC_WARN_UNUSED_VARIABLE = YES;
				IPHONEOS_DEPLOYMENT_TARGET = 16.2;
				MTL_ENABLE_DEBUG_INFO = INCLUDE_SOURCE;
				MTL_FAST_MATH = YES;
				ONLY_ACTIVE_ARCH = YES;
				SDKROOT = iphoneos;
				SWIFT_ACTIVE_COMPILATION_CONDITIONS = DEBUG;
				SWIFT_OPTIMIZATION_LEVEL = "-Onone";
			};
			name = Debug;
		};
		32F926D72BB23ED80011B747 /* Release */ = {
			isa = XCBuildConfiguration;
			buildSettings = {
				ALWAYS_SEARCH_USER_PATHS = NO;
				CLANG_ANALYZER_NONNULL = YES;
				CLANG_ANALYZER_NUMBER_OBJECT_CONVERSION = YES_AGGRESSIVE;
				CLANG_CXX_LANGUAGE_STANDARD = "gnu++20";
				CLANG_ENABLE_MODULES = YES;
				CLANG_ENABLE_OBJC_ARC = YES;
				CLANG_ENABLE_OBJC_WEAK = YES;
				CLANG_WARN_BLOCK_CAPTURE_AUTORELEASING = YES;
				CLANG_WARN_BOOL_CONVERSION = YES;
				CLANG_WARN_COMMA = YES;
				CLANG_WARN_CONSTANT_CONVERSION = YES;
				CLANG_WARN_DEPRECATED_OBJC_IMPLEMENTATIONS = YES;
				CLANG_WARN_DIRECT_OBJC_ISA_USAGE = YES_ERROR;
				CLANG_WARN_DOCUMENTATION_COMMENTS = YES;
				CLANG_WARN_EMPTY_BODY = YES;
				CLANG_WARN_ENUM_CONVERSION = YES;
				CLANG_WARN_INFINITE_RECURSION = YES;
				CLANG_WARN_INT_CONVERSION = YES;
				CLANG_WARN_NON_LITERAL_NULL_CONVERSION = YES;
				CLANG_WARN_OBJC_IMPLICIT_RETAIN_SELF = YES;
				CLANG_WARN_OBJC_LITERAL_CONVERSION = YES;
				CLANG_WARN_OBJC_ROOT_CLASS = YES_ERROR;
				CLANG_WARN_QUOTED_INCLUDE_IN_FRAMEWORK_HEADER = YES;
				CLANG_WARN_RANGE_LOOP_ANALYSIS = YES;
				CLANG_WARN_STRICT_PROTOTYPES = YES;
				CLANG_WARN_SUSPICIOUS_MOVE = YES;
				CLANG_WARN_UNGUARDED_AVAILABILITY = YES_AGGRESSIVE;
				CLANG_WARN_UNREACHABLE_CODE = YES;
				CLANG_WARN__DUPLICATE_METHOD_MATCH = YES;
				COPY_PHASE_STRIP = NO;
				DEBUG_INFORMATION_FORMAT = "dwarf-with-dsym";
				ENABLE_NS_ASSERTIONS = NO;
				ENABLE_STRICT_OBJC_MSGSEND = YES;
				GCC_C_LANGUAGE_STANDARD = gnu11;
				GCC_NO_COMMON_BLOCKS = YES;
				GCC_WARN_64_TO_32_BIT_CONVERSION = YES;
				GCC_WARN_ABOUT_RETURN_TYPE = YES_ERROR;
				GCC_WARN_UNDECLARED_SELECTOR = YES;
				GCC_WARN_UNINITIALIZED_AUTOS = YES_AGGRESSIVE;
				GCC_WARN_UNUSED_FUNCTION = YES;
				GCC_WARN_UNUSED_VARIABLE = YES;
				IPHONEOS_DEPLOYMENT_TARGET = 16.2;
				MTL_ENABLE_DEBUG_INFO = NO;
				MTL_FAST_MATH = YES;
				SDKROOT = iphoneos;
				SWIFT_COMPILATION_MODE = wholemodule;
				SWIFT_OPTIMIZATION_LEVEL = "-O";
				VALIDATE_PRODUCT = YES;
			};
			name = Release;
		};
		32F926D92BB23ED80011B747 /* Debug */ = {
			isa = XCBuildConfiguration;
			buildSettings = {
				ASSETCATALOG_COMPILER_APPICON_NAME = AppIcon;
				ASSETCATALOG_COMPILER_GLOBAL_ACCENT_COLOR_NAME = AccentColor;
				CODE_SIGN_STYLE = Automatic;
				CURRENT_PROJECT_VERSION = 1;
				GENERATE_INFOPLIST_FILE = YES;
				INFOPLIST_FILE = integrador/Info.plist;
				INFOPLIST_KEY_CFBundleDisplayName = integrador;
				INFOPLIST_KEY_LSApplicationCategoryType = "public.app-category.education";
				INFOPLIST_KEY_UIApplicationSupportsIndirectInputEvents = YES;
				INFOPLIST_KEY_UILaunchStoryboardName = LaunchScreen;
				INFOPLIST_KEY_UIMainStoryboardFile = Main;
				INFOPLIST_KEY_UISupportedInterfaceOrientations_iPad = "UIInterfaceOrientationPortrait UIInterfaceOrientationPortraitUpsideDown UIInterfaceOrientationLandscapeLeft UIInterfaceOrientationLandscapeRight";
				INFOPLIST_KEY_UISupportedInterfaceOrientations_iPhone = "UIInterfaceOrientationPortrait UIInterfaceOrientationLandscapeLeft UIInterfaceOrientationLandscapeRight";
				IPHONEOS_DEPLOYMENT_TARGET = 14.1;
				LD_RUNPATH_SEARCH_PATHS = (
					"$(inherited)",
					"@executable_path/Frameworks",
				);
				MARKETING_VERSION = 1.0;
				PRODUCT_BUNDLE_IDENTIFIER = miguel.integrador;
				PRODUCT_NAME = "$(TARGET_NAME)";
				SWIFT_EMIT_LOC_STRINGS = YES;
				SWIFT_VERSION = 5.0;
				TARGETED_DEVICE_FAMILY = "1,2";
			};
			name = Debug;
		};
		32F926DA2BB23ED80011B747 /* Release */ = {
			isa = XCBuildConfiguration;
			buildSettings = {
				ASSETCATALOG_COMPILER_APPICON_NAME = AppIcon;
				ASSETCATALOG_COMPILER_GLOBAL_ACCENT_COLOR_NAME = AccentColor;
				CODE_SIGN_STYLE = Automatic;
				CURRENT_PROJECT_VERSION = 1;
				GENERATE_INFOPLIST_FILE = YES;
				INFOPLIST_FILE = integrador/Info.plist;
				INFOPLIST_KEY_CFBundleDisplayName = integrador;
				INFOPLIST_KEY_LSApplicationCategoryType = "public.app-category.education";
				INFOPLIST_KEY_UIApplicationSupportsIndirectInputEvents = YES;
				INFOPLIST_KEY_UILaunchStoryboardName = LaunchScreen;
				INFOPLIST_KEY_UIMainStoryboardFile = Main;
				INFOPLIST_KEY_UISupportedInterfaceOrientations_iPad = "UIInterfaceOrientationPortrait UIInterfaceOrientationPortraitUpsideDown UIInterfaceOrientationLandscapeLeft UIInterfaceOrientationLandscapeRight";
				INFOPLIST_KEY_UISupportedInterfaceOrientations_iPhone = "UIInterfaceOrientationPortrait UIInterfaceOrientationLandscapeLeft UIInterfaceOrientationLandscapeRight";
				IPHONEOS_DEPLOYMENT_TARGET = 14.1;
				LD_RUNPATH_SEARCH_PATHS = (
					"$(inherited)",
					"@executable_path/Frameworks",
				);
				MARKETING_VERSION = 1.0;
				PRODUCT_BUNDLE_IDENTIFIER = miguel.integrador;
				PRODUCT_NAME = "$(TARGET_NAME)";
				SWIFT_EMIT_LOC_STRINGS = YES;
				SWIFT_VERSION = 5.0;
				TARGETED_DEVICE_FAMILY = "1,2";
			};
			name = Release;
		};
		32F926DC2BB23ED80011B747 /* Debug */ = {
			isa = XCBuildConfiguration;
			buildSettings = {
				ALWAYS_EMBED_SWIFT_STANDARD_LIBRARIES = YES;
				BUNDLE_LOADER = "$(TEST_HOST)";
				CODE_SIGN_STYLE = Automatic;
				CURRENT_PROJECT_VERSION = 1;
				GENERATE_INFOPLIST_FILE = YES;
				IPHONEOS_DEPLOYMENT_TARGET = 16.2;
				MARKETING_VERSION = 1.0;
				PRODUCT_BUNDLE_IDENTIFIER = miguel.integradorTests;
				PRODUCT_NAME = "$(TARGET_NAME)";
				SWIFT_EMIT_LOC_STRINGS = NO;
				SWIFT_VERSION = 5.0;
				TARGETED_DEVICE_FAMILY = "1,2";
				TEST_HOST = "$(BUILT_PRODUCTS_DIR)/integrador.app/$(BUNDLE_EXECUTABLE_FOLDER_PATH)/integrador";
			};
			name = Debug;
		};
		32F926DD2BB23ED80011B747 /* Release */ = {
			isa = XCBuildConfiguration;
			buildSettings = {
				ALWAYS_EMBED_SWIFT_STANDARD_LIBRARIES = YES;
				BUNDLE_LOADER = "$(TEST_HOST)";
				CODE_SIGN_STYLE = Automatic;
				CURRENT_PROJECT_VERSION = 1;
				GENERATE_INFOPLIST_FILE = YES;
				IPHONEOS_DEPLOYMENT_TARGET = 16.2;
				MARKETING_VERSION = 1.0;
				PRODUCT_BUNDLE_IDENTIFIER = miguel.integradorTests;
				PRODUCT_NAME = "$(TARGET_NAME)";
				SWIFT_EMIT_LOC_STRINGS = NO;
				SWIFT_VERSION = 5.0;
				TARGETED_DEVICE_FAMILY = "1,2";
				TEST_HOST = "$(BUILT_PRODUCTS_DIR)/integrador.app/$(BUNDLE_EXECUTABLE_FOLDER_PATH)/integrador";
			};
			name = Release;
		};
		32F926DF2BB23ED80011B747 /* Debug */ = {
			isa = XCBuildConfiguration;
			buildSettings = {
				ALWAYS_EMBED_SWIFT_STANDARD_LIBRARIES = YES;
				CODE_SIGN_STYLE = Automatic;
				CURRENT_PROJECT_VERSION = 1;
				GENERATE_INFOPLIST_FILE = YES;
				MARKETING_VERSION = 1.0;
				PRODUCT_BUNDLE_IDENTIFIER = miguel.integradorUITests;
				PRODUCT_NAME = "$(TARGET_NAME)";
				SWIFT_EMIT_LOC_STRINGS = NO;
				SWIFT_VERSION = 5.0;
				TARGETED_DEVICE_FAMILY = "1,2";
				TEST_TARGET_NAME = integrador;
			};
			name = Debug;
		};
		32F926E02BB23ED80011B747 /* Release */ = {
			isa = XCBuildConfiguration;
			buildSettings = {
				ALWAYS_EMBED_SWIFT_STANDARD_LIBRARIES = YES;
				CODE_SIGN_STYLE = Automatic;
				CURRENT_PROJECT_VERSION = 1;
				GENERATE_INFOPLIST_FILE = YES;
				MARKETING_VERSION = 1.0;
				PRODUCT_BUNDLE_IDENTIFIER = miguel.integradorUITests;
				PRODUCT_NAME = "$(TARGET_NAME)";
				SWIFT_EMIT_LOC_STRINGS = NO;
				SWIFT_VERSION = 5.0;
				TARGETED_DEVICE_FAMILY = "1,2";
				TEST_TARGET_NAME = integrador;
			};
			name = Release;
		};
/* End XCBuildConfiguration section */

/* Begin XCConfigurationList section */
		32F926A92BB23EB60011B747 /* Build configuration list for PBXProject "integrador" */ = {
			isa = XCConfigurationList;
			buildConfigurations = (
				32F926D62BB23ED80011B747 /* Debug */,
				32F926D72BB23ED80011B747 /* Release */,
			);
			defaultConfigurationIsVisible = 0;
			defaultConfigurationName = Release;
		};
		32F926D82BB23ED80011B747 /* Build configuration list for PBXNativeTarget "integrador" */ = {
			isa = XCConfigurationList;
			buildConfigurations = (
				32F926D92BB23ED80011B747 /* Debug */,
				32F926DA2BB23ED80011B747 /* Release */,
			);
			defaultConfigurationIsVisible = 0;
			defaultConfigurationName = Release;
		};
		32F926DB2BB23ED80011B747 /* Build configuration list for PBXNativeTarget "integradorTests" */ = {
			isa = XCConfigurationList;
			buildConfigurations = (
				32F926DC2BB23ED80011B747 /* Debug */,
				32F926DD2BB23ED80011B747 /* Release */,
			);
			defaultConfigurationIsVisible = 0;
			defaultConfigurationName = Release;
		};
		32F926DE2BB23ED80011B747 /* Build configuration list for PBXNativeTarget "integradorUITests" */ = {
			isa = XCConfigurationList;
			buildConfigurations = (
				32F926DF2BB23ED80011B747 /* Debug */,
				32F926E02BB23ED80011B747 /* Release */,
			);
			defaultConfigurationIsVisible = 0;
			defaultConfigurationName = Release;
		};
/* End XCConfigurationList section */
	};
	rootObject = 32F926A62BB23EB60011B747 /* Project object */;
}
